
Microsoft Visual Studio Solution File, Format Version 12.00
# Visual Studio 15
VisualStudioVersion = 15.0.27130.2027
MinimumVisualStudioVersion = 10.0.40219.1
Project("{FAE04EC0-301F-11D3-BF4B-00C04F79EFBC}") = "PrintingHouse.Domain", "PrintingHouse.Domain\PrintingHouse.Domain.csproj", "{C5488144-D4B2-40BA-B5D9-74A9AAE3F9B0}"
EndProject
Project("{FAE04EC0-301F-11D3-BF4B-00C04F79EFBC}") = "PrintingHouse.UnitTests", "PrintingHouse.UnitTests\PrintingHouse.UnitTests.csproj", "{276A57B3-963C-4CB3-8C49-EE70BA6B2F81}"
EndProject
Project("{FAE04EC0-301F-11D3-BF4B-00C04F79EFBC}") = "PrintingHouse.WebUI", "PrintingHouse.WebUI\PrintingHouse.WebUI.csproj", "{C0AD91C7-F906-4619-8866-F32180F0041C}"
EndProject
Project("{FAE04EC0-301F-11D3-BF4B-00C04F79EFBC}") = "PrintingHouse.WebUI.Tests", "PrintingHouse.WebUI.Tests\PrintingHouse.WebUI.Tests.csproj", "{9D3ECE2B-B468-4662-BEFF-C3CF9A96A22E}"
EndProject
Project("{FAE04EC0-301F-11D3-BF4B-00C04F79EFBC}") = "PrintingHouse.ConsoleApp", "PrintingHouse.ConsoleApp\PrintingHouse.ConsoleApp.csproj", "{FC54B858-1867-40D9-B92E-4444CD07E8C1}"
EndProject
Project("{FAE04EC0-301F-11D3-BF4B-00C04F79EFBC}") = "PrintingHouse.AndroidUI", "PrintingHouse.AndroidUI\PrintingHouse.AndroidUI.csproj", "{3BC0AC7E-3B3B-4D3F-9CC0-B2BDECC460A6}"
EndProject
Project("{FAE04EC0-301F-11D3-BF4B-00C04F79EFBC}") = "PrintingHouse.iOS", "PrintingHouse.iOS\PrintingHouse.iOS.csproj", "{101E3060-8799-4119-8A7A-4F86A01C0C84}"
EndProject
Project("{FAE04EC0-301F-11D3-BF4B-00C04F79EFBC}") = "PrintingHouse.XamarinForms.Android", "PrintingHouse.XamarinForms\PrintingHouse.XamarinForms.Android\PrintingHouse.XamarinForms.Android.csproj", "{56BDAFE0-8C87-47E6-9391-D60A292413EE}"
EndProject
Project("{FAE04EC0-301F-11D3-BF4B-00C04F79EFBC}") = "PrintingHouse.XamarinForms.iOS", "PrintingHouse.XamarinForms\PrintingHouse.XamarinForms.iOS\PrintingHouse.XamarinForms.iOS.csproj", "{7662522F-E446-436C-BCFB-EFED6FA9C310}"
EndProject
Project("{9A19103F-16F7-4668-BE54-9A1E7A4F7556}") = "PrintingHouse.XamarinForms", "PrintingHouse.XamarinForms\PrintingHouse.XamarinForms\PrintingHouse.XamarinForms.csproj", "{3432DAB6-7F9E-4A87-8B4A-34553DB4589E}"
EndProject
Global
	GlobalSection(SolutionConfigurationPlatforms) = preSolution
		Ad-Hoc|Any CPU = Ad-Hoc|Any CPU
		Ad-Hoc|iPhone = Ad-Hoc|iPhone
		Ad-Hoc|iPhoneSimulator = Ad-Hoc|iPhoneSimulator
		AppStore|Any CPU = AppStore|Any CPU
		AppStore|iPhone = AppStore|iPhone
		AppStore|iPhoneSimulator = AppStore|iPhoneSimulator
		Debug|Any CPU = Debug|Any CPU
		Debug|iPhone = Debug|iPhone
		Debug|iPhoneSimulator = Debug|iPhoneSimulator
		Release|Any CPU = Release|Any CPU
		Release|iPhone = Release|iPhone
		Release|iPhoneSimulator = Release|iPhoneSimulator
	EndGlobalSection
	GlobalSection(ProjectConfigurationPlatforms) = postSolution
		{C5488144-D4B2-40BA-B5D9-74A9AAE3F9B0}.Ad-Hoc|Any CPU.ActiveCfg = Release|Any CPU
		{C5488144-D4B2-40BA-B5D9-74A9AAE3F9B0}.Ad-Hoc|Any CPU.Build.0 = Release|Any CPU
		{C5488144-D4B2-40BA-B5D9-74A9AAE3F9B0}.Ad-Hoc|iPhone.ActiveCfg = Release|Any CPU
		{C5488144-D4B2-40BA-B5D9-74A9AAE3F9B0}.Ad-Hoc|iPhone.Build.0 = Release|Any CPU
		{C5488144-D4B2-40BA-B5D9-74A9AAE3F9B0}.Ad-Hoc|iPhoneSimulator.ActiveCfg = Release|Any CPU
		{C5488144-D4B2-40BA-B5D9-74A9AAE3F9B0}.Ad-Hoc|iPhoneSimulator.Build.0 = Release|Any CPU
		{C5488144-D4B2-40BA-B5D9-74A9AAE3F9B0}.AppStore|Any CPU.ActiveCfg = Release|Any CPU
		{C5488144-D4B2-40BA-B5D9-74A9AAE3F9B0}.AppStore|Any CPU.Build.0 = Release|Any CPU
		{C5488144-D4B2-40BA-B5D9-74A9AAE3F9B0}.AppStore|iPhone.ActiveCfg = Release|Any CPU
		{C5488144-D4B2-40BA-B5D9-74A9AAE3F9B0}.AppStore|iPhone.Build.0 = Release|Any CPU
		{C5488144-D4B2-40BA-B5D9-74A9AAE3F9B0}.AppStore|iPhoneSimulator.ActiveCfg = Release|Any CPU
		{C5488144-D4B2-40BA-B5D9-74A9AAE3F9B0}.AppStore|iPhoneSimulator.Build.0 = Release|Any CPU
		{C5488144-D4B2-40BA-B5D9-74A9AAE3F9B0}.Debug|Any CPU.ActiveCfg = Debug|Any CPU
		{C5488144-D4B2-40BA-B5D9-74A9AAE3F9B0}.Debug|Any CPU.Build.0 = Debug|Any CPU
		{C5488144-D4B2-40BA-B5D9-74A9AAE3F9B0}.Debug|iPhone.ActiveCfg = Debug|Any CPU
		{C5488144-D4B2-40BA-B5D9-74A9AAE3F9B0}.Debug|iPhone.Build.0 = Debug|Any CPU
		{C5488144-D4B2-40BA-B5D9-74A9AAE3F9B0}.Debug|iPhoneSimulator.ActiveCfg = Debug|Any CPU
		{C5488144-D4B2-40BA-B5D9-74A9AAE3F9B0}.Debug|iPhoneSimulator.Build.0 = Debug|Any CPU
		{C5488144-D4B2-40BA-B5D9-74A9AAE3F9B0}.Release|Any CPU.ActiveCfg = Release|Any CPU
		{C5488144-D4B2-40BA-B5D9-74A9AAE3F9B0}.Release|Any CPU.Build.0 = Release|Any CPU
		{C5488144-D4B2-40BA-B5D9-74A9AAE3F9B0}.Release|iPhone.ActiveCfg = Release|Any CPU
		{C5488144-D4B2-40BA-B5D9-74A9AAE3F9B0}.Release|iPhone.Build.0 = Release|Any CPU
		{C5488144-D4B2-40BA-B5D9-74A9AAE3F9B0}.Release|iPhoneSimulator.ActiveCfg = Release|Any CPU
		{C5488144-D4B2-40BA-B5D9-74A9AAE3F9B0}.Release|iPhoneSimulator.Build.0 = Release|Any CPU
		{276A57B3-963C-4CB3-8C49-EE70BA6B2F81}.Ad-Hoc|Any CPU.ActiveCfg = Release|Any CPU
		{276A57B3-963C-4CB3-8C49-EE70BA6B2F81}.Ad-Hoc|Any CPU.Build.0 = Release|Any CPU
		{276A57B3-963C-4CB3-8C49-EE70BA6B2F81}.Ad-Hoc|iPhone.ActiveCfg = Release|Any CPU
		{276A57B3-963C-4CB3-8C49-EE70BA6B2F81}.Ad-Hoc|iPhone.Build.0 = Release|Any CPU
		{276A57B3-963C-4CB3-8C49-EE70BA6B2F81}.Ad-Hoc|iPhoneSimulator.ActiveCfg = Release|Any CPU
		{276A57B3-963C-4CB3-8C49-EE70BA6B2F81}.Ad-Hoc|iPhoneSimulator.Build.0 = Release|Any CPU
		{276A57B3-963C-4CB3-8C49-EE70BA6B2F81}.AppStore|Any CPU.ActiveCfg = Release|Any CPU
		{276A57B3-963C-4CB3-8C49-EE70BA6B2F81}.AppStore|Any CPU.Build.0 = Release|Any CPU
		{276A57B3-963C-4CB3-8C49-EE70BA6B2F81}.AppStore|iPhone.ActiveCfg = Release|Any CPU
		{276A57B3-963C-4CB3-8C49-EE70BA6B2F81}.AppStore|iPhone.Build.0 = Release|Any CPU
		{276A57B3-963C-4CB3-8C49-EE70BA6B2F81}.AppStore|iPhoneSimulator.ActiveCfg = Release|Any CPU
		{276A57B3-963C-4CB3-8C49-EE70BA6B2F81}.AppStore|iPhoneSimulator.Build.0 = Release|Any CPU
		{276A57B3-963C-4CB3-8C49-EE70BA6B2F81}.Debug|Any CPU.ActiveCfg = Debug|Any CPU
		{276A57B3-963C-4CB3-8C49-EE70BA6B2F81}.Debug|Any CPU.Build.0 = Debug|Any CPU
		{276A57B3-963C-4CB3-8C49-EE70BA6B2F81}.Debug|iPhone.ActiveCfg = Debug|Any CPU
		{276A57B3-963C-4CB3-8C49-EE70BA6B2F81}.Debug|iPhone.Build.0 = Debug|Any CPU
		{276A57B3-963C-4CB3-8C49-EE70BA6B2F81}.Debug|iPhoneSimulator.ActiveCfg = Debug|Any CPU
		{276A57B3-963C-4CB3-8C49-EE70BA6B2F81}.Release|Any CPU.ActiveCfg = Release|Any CPU
		{276A57B3-963C-4CB3-8C49-EE70BA6B2F81}.Release|Any CPU.Build.0 = Release|Any CPU
		{276A57B3-963C-4CB3-8C49-EE70BA6B2F81}.Release|iPhone.ActiveCfg = Release|Any CPU
		{276A57B3-963C-4CB3-8C49-EE70BA6B2F81}.Release|iPhone.Build.0 = Release|Any CPU
		{276A57B3-963C-4CB3-8C49-EE70BA6B2F81}.Release|iPhoneSimulator.ActiveCfg = Release|Any CPU
		{276A57B3-963C-4CB3-8C49-EE70BA6B2F81}.Release|iPhoneSimulator.Build.0 = Release|Any CPU
		{C0AD91C7-F906-4619-8866-F32180F0041C}.Ad-Hoc|Any CPU.ActiveCfg = Release|Any CPU
		{C0AD91C7-F906-4619-8866-F32180F0041C}.Ad-Hoc|Any CPU.Build.0 = Release|Any CPU
		{C0AD91C7-F906-4619-8866-F32180F0041C}.Ad-Hoc|iPhone.ActiveCfg = Release|Any CPU
		{C0AD91C7-F906-4619-8866-F32180F0041C}.Ad-Hoc|iPhone.Build.0 = Release|Any CPU
		{C0AD91C7-F906-4619-8866-F32180F0041C}.Ad-Hoc|iPhoneSimulator.ActiveCfg = Release|Any CPU
		{C0AD91C7-F906-4619-8866-F32180F0041C}.Ad-Hoc|iPhoneSimulator.Build.0 = Release|Any CPU
		{C0AD91C7-F906-4619-8866-F32180F0041C}.AppStore|Any CPU.ActiveCfg = Release|Any CPU
		{C0AD91C7-F906-4619-8866-F32180F0041C}.AppStore|Any CPU.Build.0 = Release|Any CPU
		{C0AD91C7-F906-4619-8866-F32180F0041C}.AppStore|iPhone.ActiveCfg = Release|Any CPU
		{C0AD91C7-F906-4619-8866-F32180F0041C}.AppStore|iPhone.Build.0 = Release|Any CPU
		{C0AD91C7-F906-4619-8866-F32180F0041C}.AppStore|iPhoneSimulator.ActiveCfg = Release|Any CPU
		{C0AD91C7-F906-4619-8866-F32180F0041C}.AppStore|iPhoneSimulator.Build.0 = Release|Any CPU
		{C0AD91C7-F906-4619-8866-F32180F0041C}.Debug|Any CPU.ActiveCfg = Debug|Any CPU
		{C0AD91C7-F906-4619-8866-F32180F0041C}.Debug|Any CPU.Build.0 = Debug|Any CPU
		{C0AD91C7-F906-4619-8866-F32180F0041C}.Debug|iPhone.ActiveCfg = Debug|Any CPU
		{C0AD91C7-F906-4619-8866-F32180F0041C}.Debug|iPhone.Build.0 = Debug|Any CPU
		{C0AD91C7-F906-4619-8866-F32180F0041C}.Debug|iPhoneSimulator.ActiveCfg = Debug|Any CPU
		{C0AD91C7-F906-4619-8866-F32180F0041C}.Release|Any CPU.ActiveCfg = Release|Any CPU
		{C0AD91C7-F906-4619-8866-F32180F0041C}.Release|Any CPU.Build.0 = Release|Any CPU
		{C0AD91C7-F906-4619-8866-F32180F0041C}.Release|iPhone.ActiveCfg = Release|Any CPU
		{C0AD91C7-F906-4619-8866-F32180F0041C}.Release|iPhone.Build.0 = Release|Any CPU
		{C0AD91C7-F906-4619-8866-F32180F0041C}.Release|iPhoneSimulator.ActiveCfg = Release|Any CPU
		{C0AD91C7-F906-4619-8866-F32180F0041C}.Release|iPhoneSimulator.Build.0 = Release|Any CPU
		{9D3ECE2B-B468-4662-BEFF-C3CF9A96A22E}.Ad-Hoc|Any CPU.ActiveCfg = Release|Any CPU
		{9D3ECE2B-B468-4662-BEFF-C3CF9A96A22E}.Ad-Hoc|Any CPU.Build.0 = Release|Any CPU
		{9D3ECE2B-B468-4662-BEFF-C3CF9A96A22E}.Ad-Hoc|iPhone.ActiveCfg = Release|Any CPU
		{9D3ECE2B-B468-4662-BEFF-C3CF9A96A22E}.Ad-Hoc|iPhone.Build.0 = Release|Any CPU
		{9D3ECE2B-B468-4662-BEFF-C3CF9A96A22E}.Ad-Hoc|iPhoneSimulator.ActiveCfg = Release|Any CPU
		{9D3ECE2B-B468-4662-BEFF-C3CF9A96A22E}.Ad-Hoc|iPhoneSimulator.Build.0 = Release|Any CPU
		{9D3ECE2B-B468-4662-BEFF-C3CF9A96A22E}.AppStore|Any CPU.ActiveCfg = Release|Any CPU
		{9D3ECE2B-B468-4662-BEFF-C3CF9A96A22E}.AppStore|Any CPU.Build.0 = Release|Any CPU
		{9D3ECE2B-B468-4662-BEFF-C3CF9A96A22E}.AppStore|iPhone.ActiveCfg = Release|Any CPU
		{9D3ECE2B-B468-4662-BEFF-C3CF9A96A22E}.AppStore|iPhone.Build.0 = Release|Any CPU
		{9D3ECE2B-B468-4662-BEFF-C3CF9A96A22E}.AppStore|iPhoneSimulator.ActiveCfg = Release|Any CPU
		{9D3ECE2B-B468-4662-BEFF-C3CF9A96A22E}.AppStore|iPhoneSimulator.Build.0 = Release|Any CPU
		{9D3ECE2B-B468-4662-BEFF-C3CF9A96A22E}.Debug|Any CPU.ActiveCfg = Debug|Any CPU
		{9D3ECE2B-B468-4662-BEFF-C3CF9A96A22E}.Debug|Any CPU.Build.0 = Debug|Any CPU
		{9D3ECE2B-B468-4662-BEFF-C3CF9A96A22E}.Debug|iPhone.ActiveCfg = Debug|Any CPU
		{9D3ECE2B-B468-4662-BEFF-C3CF9A96A22E}.Debug|iPhone.Build.0 = Debug|Any CPU
		{9D3ECE2B-B468-4662-BEFF-C3CF9A96A22E}.Debug|iPhoneSimulator.ActiveCfg = Debug|Any CPU
		{9D3ECE2B-B468-4662-BEFF-C3CF9A96A22E}.Release|Any CPU.ActiveCfg = Release|Any CPU
		{9D3ECE2B-B468-4662-BEFF-C3CF9A96A22E}.Release|Any CPU.Build.0 = Release|Any CPU
		{9D3ECE2B-B468-4662-BEFF-C3CF9A96A22E}.Release|iPhone.ActiveCfg = Release|Any CPU
		{9D3ECE2B-B468-4662-BEFF-C3CF9A96A22E}.Release|iPhone.Build.0 = Release|Any CPU
		{9D3ECE2B-B468-4662-BEFF-C3CF9A96A22E}.Release|iPhoneSimulator.ActiveCfg = Release|Any CPU
		{9D3ECE2B-B468-4662-BEFF-C3CF9A96A22E}.Release|iPhoneSimulator.Build.0 = Release|Any CPU
		{FC54B858-1867-40D9-B92E-4444CD07E8C1}.Ad-Hoc|Any CPU.ActiveCfg = Release|Any CPU
		{FC54B858-1867-40D9-B92E-4444CD07E8C1}.Ad-Hoc|Any CPU.Build.0 = Release|Any CPU
		{FC54B858-1867-40D9-B92E-4444CD07E8C1}.Ad-Hoc|iPhone.ActiveCfg = Release|Any CPU
		{FC54B858-1867-40D9-B92E-4444CD07E8C1}.Ad-Hoc|iPhone.Build.0 = Release|Any CPU
		{FC54B858-1867-40D9-B92E-4444CD07E8C1}.Ad-Hoc|iPhoneSimulator.ActiveCfg = Release|Any CPU
		{FC54B858-1867-40D9-B92E-4444CD07E8C1}.Ad-Hoc|iPhoneSimulator.Build.0 = Release|Any CPU
		{FC54B858-1867-40D9-B92E-4444CD07E8C1}.AppStore|Any CPU.ActiveCfg = Release|Any CPU
		{FC54B858-1867-40D9-B92E-4444CD07E8C1}.AppStore|Any CPU.Build.0 = Release|Any CPU
		{FC54B858-1867-40D9-B92E-4444CD07E8C1}.AppStore|iPhone.ActiveCfg = Release|Any CPU
		{FC54B858-1867-40D9-B92E-4444CD07E8C1}.AppStore|iPhone.Build.0 = Release|Any CPU
		{FC54B858-1867-40D9-B92E-4444CD07E8C1}.AppStore|iPhoneSimulator.ActiveCfg = Release|Any CPU
		{FC54B858-1867-40D9-B92E-4444CD07E8C1}.AppStore|iPhoneSimulator.Build.0 = Release|Any CPU
		{FC54B858-1867-40D9-B92E-4444CD07E8C1}.Debug|Any CPU.ActiveCfg = Debug|Any CPU
		{FC54B858-1867-40D9-B92E-4444CD07E8C1}.Debug|Any CPU.Build.0 = Debug|Any CPU
		{FC54B858-1867-40D9-B92E-4444CD07E8C1}.Debug|iPhone.ActiveCfg = Debug|Any CPU
		{FC54B858-1867-40D9-B92E-4444CD07E8C1}.Debug|iPhone.Build.0 = Debug|Any CPU
		{FC54B858-1867-40D9-B92E-4444CD07E8C1}.Debug|iPhoneSimulator.ActiveCfg = Debug|Any CPU
		{FC54B858-1867-40D9-B92E-4444CD07E8C1}.Release|Any CPU.ActiveCfg = Release|Any CPU
		{FC54B858-1867-40D9-B92E-4444CD07E8C1}.Release|Any CPU.Build.0 = Release|Any CPU
		{FC54B858-1867-40D9-B92E-4444CD07E8C1}.Release|iPhone.ActiveCfg = Release|Any CPU
		{FC54B858-1867-40D9-B92E-4444CD07E8C1}.Release|iPhone.Build.0 = Release|Any CPU
		{FC54B858-1867-40D9-B92E-4444CD07E8C1}.Release|iPhoneSimulator.ActiveCfg = Release|Any CPU
		{FC54B858-1867-40D9-B92E-4444CD07E8C1}.Release|iPhoneSimulator.Build.0 = Release|Any CPU
		{3BC0AC7E-3B3B-4D3F-9CC0-B2BDECC460A6}.Ad-Hoc|Any CPU.ActiveCfg = Release|Any CPU
		{3BC0AC7E-3B3B-4D3F-9CC0-B2BDECC460A6}.Ad-Hoc|Any CPU.Build.0 = Release|Any CPU
		{3BC0AC7E-3B3B-4D3F-9CC0-B2BDECC460A6}.Ad-Hoc|Any CPU.Deploy.0 = Release|Any CPU
		{3BC0AC7E-3B3B-4D3F-9CC0-B2BDECC460A6}.Ad-Hoc|iPhone.ActiveCfg = Release|Any CPU
		{3BC0AC7E-3B3B-4D3F-9CC0-B2BDECC460A6}.Ad-Hoc|iPhone.Build.0 = Release|Any CPU
		{3BC0AC7E-3B3B-4D3F-9CC0-B2BDECC460A6}.Ad-Hoc|iPhone.Deploy.0 = Release|Any CPU
		{3BC0AC7E-3B3B-4D3F-9CC0-B2BDECC460A6}.Ad-Hoc|iPhoneSimulator.ActiveCfg = Release|Any CPU
		{3BC0AC7E-3B3B-4D3F-9CC0-B2BDECC460A6}.Ad-Hoc|iPhoneSimulator.Build.0 = Release|Any CPU
		{3BC0AC7E-3B3B-4D3F-9CC0-B2BDECC460A6}.Ad-Hoc|iPhoneSimulator.Deploy.0 = Release|Any CPU
		{3BC0AC7E-3B3B-4D3F-9CC0-B2BDECC460A6}.AppStore|Any CPU.ActiveCfg = Release|Any CPU
		{3BC0AC7E-3B3B-4D3F-9CC0-B2BDECC460A6}.AppStore|Any CPU.Build.0 = Release|Any CPU
		{3BC0AC7E-3B3B-4D3F-9CC0-B2BDECC460A6}.AppStore|Any CPU.Deploy.0 = Release|Any CPU
		{3BC0AC7E-3B3B-4D3F-9CC0-B2BDECC460A6}.AppStore|iPhone.ActiveCfg = Release|Any CPU
		{3BC0AC7E-3B3B-4D3F-9CC0-B2BDECC460A6}.AppStore|iPhone.Build.0 = Release|Any CPU
		{3BC0AC7E-3B3B-4D3F-9CC0-B2BDECC460A6}.AppStore|iPhone.Deploy.0 = Release|Any CPU
		{3BC0AC7E-3B3B-4D3F-9CC0-B2BDECC460A6}.AppStore|iPhoneSimulator.ActiveCfg = Release|Any CPU
		{3BC0AC7E-3B3B-4D3F-9CC0-B2BDECC460A6}.AppStore|iPhoneSimulator.Build.0 = Release|Any CPU
		{3BC0AC7E-3B3B-4D3F-9CC0-B2BDECC460A6}.AppStore|iPhoneSimulator.Deploy.0 = Release|Any CPU
		{3BC0AC7E-3B3B-4D3F-9CC0-B2BDECC460A6}.Debug|Any CPU.ActiveCfg = Debug|Any CPU
		{3BC0AC7E-3B3B-4D3F-9CC0-B2BDECC460A6}.Debug|Any CPU.Build.0 = Debug|Any CPU
		{3BC0AC7E-3B3B-4D3F-9CC0-B2BDECC460A6}.Debug|Any CPU.Deploy.0 = Debug|Any CPU
		{3BC0AC7E-3B3B-4D3F-9CC0-B2BDECC460A6}.Debug|iPhone.ActiveCfg = Debug|Any CPU
		{3BC0AC7E-3B3B-4D3F-9CC0-B2BDECC460A6}.Debug|iPhone.Build.0 = Debug|Any CPU
		{3BC0AC7E-3B3B-4D3F-9CC0-B2BDECC460A6}.Debug|iPhone.Deploy.0 = Debug|Any CPU
		{3BC0AC7E-3B3B-4D3F-9CC0-B2BDECC460A6}.Debug|iPhoneSimulator.ActiveCfg = Debug|Any CPU
		{3BC0AC7E-3B3B-4D3F-9CC0-B2BDECC460A6}.Release|Any CPU.ActiveCfg = Release|Any CPU
		{3BC0AC7E-3B3B-4D3F-9CC0-B2BDECC460A6}.Release|Any CPU.Build.0 = Release|Any CPU
		{3BC0AC7E-3B3B-4D3F-9CC0-B2BDECC460A6}.Release|Any CPU.Deploy.0 = Release|Any CPU
		{3BC0AC7E-3B3B-4D3F-9CC0-B2BDECC460A6}.Release|iPhone.ActiveCfg = Release|Any CPU
		{3BC0AC7E-3B3B-4D3F-9CC0-B2BDECC460A6}.Release|iPhone.Build.0 = Release|Any CPU
		{3BC0AC7E-3B3B-4D3F-9CC0-B2BDECC460A6}.Release|iPhone.Deploy.0 = Release|Any CPU
		{3BC0AC7E-3B3B-4D3F-9CC0-B2BDECC460A6}.Release|iPhoneSimulator.ActiveCfg = Release|Any CPU
		{3BC0AC7E-3B3B-4D3F-9CC0-B2BDECC460A6}.Release|iPhoneSimulator.Build.0 = Release|Any CPU
		{3BC0AC7E-3B3B-4D3F-9CC0-B2BDECC460A6}.Release|iPhoneSimulator.Deploy.0 = Release|Any CPU
		{101E3060-8799-4119-8A7A-4F86A01C0C84}.Ad-Hoc|Any CPU.ActiveCfg = Release|iPhoneSimulator
		{101E3060-8799-4119-8A7A-4F86A01C0C84}.Ad-Hoc|Any CPU.Build.0 = Release|iPhoneSimulator
		{101E3060-8799-4119-8A7A-4F86A01C0C84}.Ad-Hoc|iPhone.ActiveCfg = Release|iPhone
		{101E3060-8799-4119-8A7A-4F86A01C0C84}.Ad-Hoc|iPhone.Build.0 = Release|iPhone
		{101E3060-8799-4119-8A7A-4F86A01C0C84}.Ad-Hoc|iPhoneSimulator.ActiveCfg = Release|iPhoneSimulator
		{101E3060-8799-4119-8A7A-4F86A01C0C84}.Ad-Hoc|iPhoneSimulator.Build.0 = Release|iPhoneSimulator
		{101E3060-8799-4119-8A7A-4F86A01C0C84}.AppStore|Any CPU.ActiveCfg = Release|iPhoneSimulator
		{101E3060-8799-4119-8A7A-4F86A01C0C84}.AppStore|Any CPU.Build.0 = Release|iPhoneSimulator
		{101E3060-8799-4119-8A7A-4F86A01C0C84}.AppStore|iPhone.ActiveCfg = Release|iPhone
		{101E3060-8799-4119-8A7A-4F86A01C0C84}.AppStore|iPhone.Build.0 = Release|iPhone
		{101E3060-8799-4119-8A7A-4F86A01C0C84}.AppStore|iPhoneSimulator.ActiveCfg = Release|iPhoneSimulator
		{101E3060-8799-4119-8A7A-4F86A01C0C84}.AppStore|iPhoneSimulator.Build.0 = Release|iPhoneSimulator
		{101E3060-8799-4119-8A7A-4F86A01C0C84}.Debug|Any CPU.ActiveCfg = Debug|iPhone
		{101E3060-8799-4119-8A7A-4F86A01C0C84}.Debug|iPhone.ActiveCfg = Debug|iPhone
		{101E3060-8799-4119-8A7A-4F86A01C0C84}.Debug|iPhone.Build.0 = Debug|iPhone
		{101E3060-8799-4119-8A7A-4F86A01C0C84}.Debug|iPhoneSimulator.ActiveCfg = Debug|iPhoneSimulator
		{101E3060-8799-4119-8A7A-4F86A01C0C84}.Release|Any CPU.ActiveCfg = Release|iPhone
		{101E3060-8799-4119-8A7A-4F86A01C0C84}.Release|iPhone.ActiveCfg = Release|iPhone
		{101E3060-8799-4119-8A7A-4F86A01C0C84}.Release|iPhone.Build.0 = Release|iPhone
		{101E3060-8799-4119-8A7A-4F86A01C0C84}.Release|iPhoneSimulator.ActiveCfg = Release|iPhoneSimulator
		{101E3060-8799-4119-8A7A-4F86A01C0C84}.Release|iPhoneSimulator.Build.0 = Release|iPhoneSimulator
		{56BDAFE0-8C87-47E6-9391-D60A292413EE}.Ad-Hoc|Any CPU.ActiveCfg = Release|Any CPU
		{56BDAFE0-8C87-47E6-9391-D60A292413EE}.Ad-Hoc|Any CPU.Build.0 = Release|Any CPU
		{56BDAFE0-8C87-47E6-9391-D60A292413EE}.Ad-Hoc|Any CPU.Deploy.0 = Release|Any CPU
		{56BDAFE0-8C87-47E6-9391-D60A292413EE}.Ad-Hoc|iPhone.ActiveCfg = Release|Any CPU
		{56BDAFE0-8C87-47E6-9391-D60A292413EE}.Ad-Hoc|iPhone.Build.0 = Release|Any CPU
		{56BDAFE0-8C87-47E6-9391-D60A292413EE}.Ad-Hoc|iPhone.Deploy.0 = Release|Any CPU
		{56BDAFE0-8C87-47E6-9391-D60A292413EE}.Ad-Hoc|iPhoneSimulator.ActiveCfg = Release|Any CPU
		{56BDAFE0-8C87-47E6-9391-D60A292413EE}.Ad-Hoc|iPhoneSimulator.Build.0 = Release|Any CPU
		{56BDAFE0-8C87-47E6-9391-D60A292413EE}.Ad-Hoc|iPhoneSimulator.Deploy.0 = Release|Any CPU
		{56BDAFE0-8C87-47E6-9391-D60A292413EE}.AppStore|Any CPU.ActiveCfg = Release|Any CPU
		{56BDAFE0-8C87-47E6-9391-D60A292413EE}.AppStore|Any CPU.Build.0 = Release|Any CPU
		{56BDAFE0-8C87-47E6-9391-D60A292413EE}.AppStore|Any CPU.Deploy.0 = Release|Any CPU
		{56BDAFE0-8C87-47E6-9391-D60A292413EE}.AppStore|iPhone.ActiveCfg = Release|Any CPU
		{56BDAFE0-8C87-47E6-9391-D60A292413EE}.AppStore|iPhone.Build.0 = Release|Any CPU
		{56BDAFE0-8C87-47E6-9391-D60A292413EE}.AppStore|iPhone.Deploy.0 = Release|Any CPU
		{56BDAFE0-8C87-47E6-9391-D60A292413EE}.AppStore|iPhoneSimulator.ActiveCfg = Release|Any CPU
		{56BDAFE0-8C87-47E6-9391-D60A292413EE}.AppStore|iPhoneSimulator.Build.0 = Release|Any CPU
		{56BDAFE0-8C87-47E6-9391-D60A292413EE}.AppStore|iPhoneSimulator.Deploy.0 = Release|Any CPU
		{56BDAFE0-8C87-47E6-9391-D60A292413EE}.Debug|Any CPU.ActiveCfg = Debug|Any CPU
		{56BDAFE0-8C87-47E6-9391-D60A292413EE}.Debug|Any CPU.Build.0 = Debug|Any CPU
		{56BDAFE0-8C87-47E6-9391-D60A292413EE}.Debug|Any CPU.Deploy.0 = Debug|Any CPU
		{56BDAFE0-8C87-47E6-9391-D60A292413EE}.Debug|iPhone.ActiveCfg = Debug|Any CPU
		{56BDAFE0-8C87-47E6-9391-D60A292413EE}.Debug|iPhone.Build.0 = Debug|Any CPU
		{56BDAFE0-8C87-47E6-9391-D60A292413EE}.Debug|iPhone.Deploy.0 = Debug|Any CPU
		{56BDAFE0-8C87-47E6-9391-D60A292413EE}.Debug|iPhoneSimulator.ActiveCfg = Debug|Any CPU
		{56BDAFE0-8C87-47E6-9391-D60A292413EE}.Release|Any CPU.ActiveCfg = Release|Any CPU
		{56BDAFE0-8C87-47E6-9391-D60A292413EE}.Release|Any CPU.Build.0 = Release|Any CPU
		{56BDAFE0-8C87-47E6-9391-D60A292413EE}.Release|Any CPU.Deploy.0 = Release|Any CPU
		{56BDAFE0-8C87-47E6-9391-D60A292413EE}.Release|iPhone.ActiveCfg = Release|Any CPU
		{56BDAFE0-8C87-47E6-9391-D60A292413EE}.Release|iPhone.Build.0 = Release|Any CPU
		{56BDAFE0-8C87-47E6-9391-D60A292413EE}.Release|iPhone.Deploy.0 = Release|Any CPU
		{56BDAFE0-8C87-47E6-9391-D60A292413EE}.Release|iPhoneSimulator.ActiveCfg = Release|Any CPU
		{56BDAFE0-8C87-47E6-9391-D60A292413EE}.Release|iPhoneSimulator.Build.0 = Release|Any CPU
		{56BDAFE0-8C87-47E6-9391-D60A292413EE}.Release|iPhoneSimulator.Deploy.0 = Release|Any CPU
		{7662522F-E446-436C-BCFB-EFED6FA9C310}.Ad-Hoc|Any CPU.ActiveCfg = Ad-Hoc|iPhone
		{7662522F-E446-436C-BCFB-EFED6FA9C310}.Ad-Hoc|iPhone.ActiveCfg = Ad-Hoc|iPhone
		{7662522F-E446-436C-BCFB-EFED6FA9C310}.Ad-Hoc|iPhone.Build.0 = Ad-Hoc|iPhone
		{7662522F-E446-436C-BCFB-EFED6FA9C310}.Ad-Hoc|iPhoneSimulator.ActiveCfg = Ad-Hoc|iPhoneSimulator
		{7662522F-E446-436C-BCFB-EFED6FA9C310}.Ad-Hoc|iPhoneSimulator.Build.0 = Ad-Hoc|iPhoneSimulator
		{7662522F-E446-436C-BCFB-EFED6FA9C310}.AppStore|Any CPU.ActiveCfg = AppStore|iPhone
		{7662522F-E446-436C-BCFB-EFED6FA9C310}.AppStore|iPhone.ActiveCfg = AppStore|iPhone
		{7662522F-E446-436C-BCFB-EFED6FA9C310}.AppStore|iPhone.Build.0 = AppStore|iPhone
		{7662522F-E446-436C-BCFB-EFED6FA9C310}.AppStore|iPhoneSimulator.ActiveCfg = AppStore|iPhoneSimulator
		{7662522F-E446-436C-BCFB-EFED6FA9C310}.AppStore|iPhoneSimulator.Build.0 = AppStore|iPhoneSimulator
		{7662522F-E446-436C-BCFB-EFED6FA9C310}.Debug|Any CPU.ActiveCfg = Debug|iPhone
		{7662522F-E446-436C-BCFB-EFED6FA9C310}.Debug|iPhone.ActiveCfg = Debug|iPhone
		{7662522F-E446-436C-BCFB-EFED6FA9C310}.Debug|iPhone.Build.0 = Debug|iPhone
		{7662522F-E446-436C-BCFB-EFED6FA9C310}.Debug|iPhoneSimulator.ActiveCfg = Debug|iPhoneSimulator
		{7662522F-E446-436C-BCFB-EFED6FA9C310}.Debug|iPhoneSimulator.Build.0 = Debug|iPhoneSimulator
		{7662522F-E446-436C-BCFB-EFED6FA9C310}.Release|Any CPU.ActiveCfg = Release|iPhone
		{7662522F-E446-436C-BCFB-EFED6FA9C310}.Release|iPhone.ActiveCfg = Release|iPhone
		{7662522F-E446-436C-BCFB-EFED6FA9C310}.Release|iPhone.Build.0 = Release|iPhone
		{7662522F-E446-436C-BCFB-EFED6FA9C310}.Release|iPhoneSimulator.ActiveCfg = Release|iPhoneSimulator
		{7662522F-E446-436C-BCFB-EFED6FA9C310}.Release|iPhoneSimulator.Build.0 = Release|iPhoneSimulator
		{3432DAB6-7F9E-4A87-8B4A-34553DB4589E}.Ad-Hoc|Any CPU.ActiveCfg = Debug|Any CPU
		{3432DAB6-7F9E-4A87-8B4A-34553DB4589E}.Ad-Hoc|Any CPU.Build.0 = Debug|Any CPU
		{3432DAB6-7F9E-4A87-8B4A-34553DB4589E}.Ad-Hoc|iPhone.ActiveCfg = Debug|Any CPU
		{3432DAB6-7F9E-4A87-8B4A-34553DB4589E}.Ad-Hoc|iPhone.Build.0 = Debug|Any CPU
		{3432DAB6-7F9E-4A87-8B4A-34553DB4589E}.Ad-Hoc|iPhoneSimulator.ActiveCfg = Debug|Any CPU
		{3432DAB6-7F9E-4A87-8B4A-34553DB4589E}.Ad-Hoc|iPhoneSimulator.Build.0 = Debug|Any CPU
		{3432DAB6-7F9E-4A87-8B4A-34553DB4589E}.AppStore|Any CPU.ActiveCfg = Debug|Any CPU
		{3432DAB6-7F9E-4A87-8B4A-34553DB4589E}.AppStore|Any CPU.Build.0 = Debug|Any CPU
		{3432DAB6-7F9E-4A87-8B4A-34553DB4589E}.AppStore|iPhone.ActiveCfg = Debug|Any CPU
		{3432DAB6-7F9E-4A87-8B4A-34553DB4589E}.AppStore|iPhone.Build.0 = Debug|Any CPU
		{3432DAB6-7F9E-4A87-8B4A-34553DB4589E}.AppStore|iPhoneSimulator.ActiveCfg = Debug|Any CPU
		{3432DAB6-7F9E-4A87-8B4A-34553DB4589E}.AppStore|iPhoneSimulator.Build.0 = Debug|Any CPU
		{3432DAB6-7F9E-4A87-8B4A-34553DB4589E}.Debug|Any CPU.ActiveCfg = Debug|Any CPU
		{3432DAB6-7F9E-4A87-8B4A-34553DB4589E}.Debug|Any CPU.Build.0 = Debug|Any CPU
		{3432DAB6-7F9E-4A87-8B4A-34553DB4589E}.Debug|iPhone.ActiveCfg = Debug|Any CPU
		{3432DAB6-7F9E-4A87-8B4A-34553DB4589E}.Debug|iPhone.Build.0 = Debug|Any CPU
		{3432DAB6-7F9E-4A87-8B4A-34553DB4589E}.Debug|iPhoneSimulator.ActiveCfg = Debug|Any CPU
		{3432DAB6-7F9E-4A87-8B4A-34553DB4589E}.Debug|iPhoneSimulator.Build.0 = Debug|Any CPU
		{3432DAB6-7F9E-4A87-8B4A-34553DB4589E}.Release|Any CPU.ActiveCfg = Release|Any CPU
		{3432DAB6-7F9E-4A87-8B4A-34553DB4589E}.Release|Any CPU.Build.0 = Release|Any CPU
		{3432DAB6-7F9E-4A87-8B4A-34553DB4589E}.Release|iPhone.ActiveCfg = Release|Any CPU
		{3432DAB6-7F9E-4A87-8B4A-34553DB4589E}.Release|iPhone.Build.0 = Release|Any CPU
		{3432DAB6-7F9E-4A87-8B4A-34553DB4589E}.Release|iPhoneSimulator.ActiveCfg = Release|Any CPU
		{3432DAB6-7F9E-4A87-8B4A-34553DB4589E}.Release|iPhoneSimulator.Build.0 = Release|Any CPU
	EndGlobalSection
	GlobalSection(SolutionProperties) = preSolution
		HideSolutionNode = FALSE
	EndGlobalSection
	GlobalSection(ExtensibilityGlobals) = postSolution
		SolutionGuid = {0F63E029-845C-4890-BAA9-47294AC45701}
	EndGlobalSection
EndGlobal
